
Microsoft Visual Studio Solution File, Format Version 12.00
# Visual Studio Version 17
VisualStudioVersion = 17.3.32922.545
MinimumVisualStudioVersion = 10.0.40219.1
Project("{FAE04EC0-301F-11D3-BF4B-00C04F79EFBC}") = "Assignment2", "Assignment2\Assignment2.csproj", "{AA2CF5A3-9DF3-4B67-876C-048B95F02064}"
EndProject
Global
	GlobalSection(SolutionConfigurationPlatforms) = preSolution
		Debug|Any CPU = Debug|Any CPU
		Release|Any CPU = Release|Any CPU
	EndGlobalSection
	GlobalSection(ProjectConfigurationPlatforms) = postSolution
		{AA2CF5A3-9DF3-4B67-876C-048B95F02064}.Debug|Any CPU.ActiveCfg = Debug|Any CPU
		{AA2CF5A3-9DF3-4B67-876C-048B95F02064}.Debug|Any CPU.Build.0 = Debug|Any CPU
		{AA2CF5A3-9DF3-4B67-876C-048B95F02064}.Release|Any CPU.ActiveCfg = Release|Any CPU
		{AA2CF5A3-9DF3-4B67-876C-048B95F02064}.Release|Any CPU.Build.0 = Release|Any CPU
	EndGlobalSection
	GlobalSection(SolutionProperties) = preSolution
		HideSolutionNode = FALSE
	EndGlobalSection
	GlobalSection(ExtensibilityGlobals) = postSolution
		SolutionGuid = {3DB80C6C-F281-461E-B379-79BFEC7F2F3E}
	EndGlobalSection
EndGlobal
